
Microsoft Visual Studio Solution File, Format Version 12.00
# Visual Studio Version 17
VisualStudioVersion = 17.12.35521.163 d17.12
MinimumVisualStudioVersion = 10.0.40219.1
Project("{FAE04EC0-301F-11D3-BF4B-00C04F79EFBC}") = "BankAccount", "BankAccount.csproj", "{444BA3D0-2ED9-4107-9746-DCE297434E14}"
EndProject
Global
	GlobalSection(SolutionConfigurationPlatforms) = preSolution
		Debug|Any CPU = Debug|Any CPU
		Release|Any CPU = Release|Any CPU
	EndGlobalSection
	GlobalSection(ProjectConfigurationPlatforms) = postSolution
		{444BA3D0-2ED9-4107-9746-DCE297434E14}.Debug|Any CPU.ActiveCfg = Debug|Any CPU
		{444BA3D0-2ED9-4107-9746-DCE297434E14}.Debug|Any CPU.Build.0 = Debug|Any CPU
		{444BA3D0-2ED9-4107-9746-DCE297434E14}.Release|Any CPU.ActiveCfg = Release|Any CPU
		{444BA3D0-2ED9-4107-9746-DCE297434E14}.Release|Any CPU.Build.0 = Release|Any CPU
	EndGlobalSection
	GlobalSection(SolutionProperties) = preSolution
		HideSolutionNode = FALSE
	EndGlobalSection
EndGlobal
